
Microsoft Visual Studio Solution File, Format Version 12.00
# Visual Studio Version 17
VisualStudioVersion = 17.9.34723.18
MinimumVisualStudioVersion = 10.0.40219.1
Project("{FAE04EC0-301F-11D3-BF4B-00C04F79EFBC}") = "Nexus", "Nexus\Nexus.csproj", "{56503E37-F019-4985-AF36-CF93D7FA6A0F}"
EndProject
Global
	GlobalSection(SolutionConfigurationPlatforms) = preSolution
		Debug|Any CPU = Debug|Any CPU
		Release|Any CPU = Release|Any CPU
	EndGlobalSection
	GlobalSection(ProjectConfigurationPlatforms) = postSolution
		{56503E37-F019-4985-AF36-CF93D7FA6A0F}.Debug|Any CPU.ActiveCfg = Debug|Any CPU
		{56503E37-F019-4985-AF36-CF93D7FA6A0F}.Debug|Any CPU.Build.0 = Debug|Any CPU
		{56503E37-F019-4985-AF36-CF93D7FA6A0F}.Release|Any CPU.ActiveCfg = Release|Any CPU
		{56503E37-F019-4985-AF36-CF93D7FA6A0F}.Release|Any CPU.Build.0 = Release|Any CPU
	EndGlobalSection
	GlobalSection(SolutionProperties) = preSolution
		HideSolutionNode = FALSE
	EndGlobalSection
	GlobalSection(ExtensibilityGlobals) = postSolution
		SolutionGuid = {3BDDCDDC-1034-4103-B9B6-6D23322996CE}
	EndGlobalSection
EndGlobal
